
Microsoft Visual Studio Solution File, Format Version 12.00
# Visual Studio Version 17
VisualStudioVersion = 17.6.33829.357
MinimumVisualStudioVersion = 10.0.40219.1
Project("{2150E333-8FDC-42A3-9474-1A3956D46DE8}") = "part1", "part1", "{1E03C1A6-FD39-4977-A365-116EC099AFED}"
EndProject
Project("{2150E333-8FDC-42A3-9474-1A3956D46DE8}") = "part2", "part2", "{01F42F3F-4F1F-4012-8D6F-EECC0DC182EB}"
EndProject
Project("{2150E333-8FDC-42A3-9474-1A3956D46DE8}") = "part3", "part3", "{1EEE7AB6-D613-40EB-A76D-D19A6C276CE1}"
EndProject
Project("{2150E333-8FDC-42A3-9474-1A3956D46DE8}") = "part4", "part4", "{5420D51A-9AF5-41A3-BE15-8B1AF0B0BAAE}"
EndProject
Project("{8BC9CEB8-8B4A-11D0-8D11-00A0C91BC942}") = "calculmain", "calculmain\calculmain.vcxproj", "{4F8ED39F-EDBA-4FEC-A0C2-627692E6241C}"
EndProject
Project("{8BC9CEB8-8B4A-11D0-8D11-00A0C91BC942}") = "calcstatic", "calcstatic\calcstatic.vcxproj", "{DDBD1889-B923-48DC-8E4D-E298F2C493D7}"
EndProject
Project("{8BC9CEB8-8B4A-11D0-8D11-00A0C91BC942}") = "calculmain2", "calculmain2\calculmain2.vcxproj", "{9B49DBB4-471A-443A-8C3F-FE56C094E7CF}"
EndProject
Project("{8BC9CEB8-8B4A-11D0-8D11-00A0C91BC942}") = "change", "ModifyImageWithoutLibrary\ModifyImageWithoutLibrary.vcxproj", "{7790B799-9114-4BC0-AE5D-236E08734627}"
EndProject
Project("{8BC9CEB8-8B4A-11D0-8D11-00A0C91BC942}") = "main", "main\main.vcxproj", "{F05D9F7F-3CB4-4998-9CD6-4B3AA9261C71}"
EndProject
Project("{8BC9CEB8-8B4A-11D0-8D11-00A0C91BC942}") = "main-inj", "main-inj\main-inj.vcxproj", "{95800A02-C1E8-4954-AB1F-639300ED247C}"
EndProject
Project("{8BC9CEB8-8B4A-11D0-8D11-00A0C91BC942}") = "Dll1", "Dll1\Dll1.vcxproj", "{BAF2F2BA-70D2-41EB-9B65-35943CEF4560}"
EndProject
Project("{8BC9CEB8-8B4A-11D0-8D11-00A0C91BC942}") = "Dll2", "Dll2\Dll2.vcxproj", "{9F23AAAF-BDF8-4339-B764-70FFA5BAC922}"
EndProject
Global
	GlobalSection(SolutionConfigurationPlatforms) = preSolution
		Debug|x64 = Debug|x64
		Debug|x86 = Debug|x86
		Release|x64 = Release|x64
		Release|x86 = Release|x86
	EndGlobalSection
	GlobalSection(ProjectConfigurationPlatforms) = postSolution
		{4F8ED39F-EDBA-4FEC-A0C2-627692E6241C}.Debug|x64.ActiveCfg = Debug|x64
		{4F8ED39F-EDBA-4FEC-A0C2-627692E6241C}.Debug|x64.Build.0 = Debug|x64
		{4F8ED39F-EDBA-4FEC-A0C2-627692E6241C}.Debug|x86.ActiveCfg = Debug|Win32
		{4F8ED39F-EDBA-4FEC-A0C2-627692E6241C}.Debug|x86.Build.0 = Debug|Win32
		{4F8ED39F-EDBA-4FEC-A0C2-627692E6241C}.Release|x64.ActiveCfg = Release|x64
		{4F8ED39F-EDBA-4FEC-A0C2-627692E6241C}.Release|x64.Build.0 = Release|x64
		{4F8ED39F-EDBA-4FEC-A0C2-627692E6241C}.Release|x86.ActiveCfg = Release|Win32
		{4F8ED39F-EDBA-4FEC-A0C2-627692E6241C}.Release|x86.Build.0 = Release|Win32
		{DDBD1889-B923-48DC-8E4D-E298F2C493D7}.Debug|x64.ActiveCfg = Debug|x64
		{DDBD1889-B923-48DC-8E4D-E298F2C493D7}.Debug|x64.Build.0 = Debug|x64
		{DDBD1889-B923-48DC-8E4D-E298F2C493D7}.Debug|x86.ActiveCfg = Debug|Win32
		{DDBD1889-B923-48DC-8E4D-E298F2C493D7}.Debug|x86.Build.0 = Debug|Win32
		{DDBD1889-B923-48DC-8E4D-E298F2C493D7}.Release|x64.ActiveCfg = Release|x64
		{DDBD1889-B923-48DC-8E4D-E298F2C493D7}.Release|x64.Build.0 = Release|x64
		{DDBD1889-B923-48DC-8E4D-E298F2C493D7}.Release|x86.ActiveCfg = Release|Win32
		{DDBD1889-B923-48DC-8E4D-E298F2C493D7}.Release|x86.Build.0 = Release|Win32
		{9B49DBB4-471A-443A-8C3F-FE56C094E7CF}.Debug|x64.ActiveCfg = Debug|x64
		{9B49DBB4-471A-443A-8C3F-FE56C094E7CF}.Debug|x64.Build.0 = Debug|x64
		{9B49DBB4-471A-443A-8C3F-FE56C094E7CF}.Debug|x86.ActiveCfg = Debug|Win32
		{9B49DBB4-471A-443A-8C3F-FE56C094E7CF}.Debug|x86.Build.0 = Debug|Win32
		{9B49DBB4-471A-443A-8C3F-FE56C094E7CF}.Release|x64.ActiveCfg = Release|x64
		{9B49DBB4-471A-443A-8C3F-FE56C094E7CF}.Release|x64.Build.0 = Release|x64
		{9B49DBB4-471A-443A-8C3F-FE56C094E7CF}.Release|x86.ActiveCfg = Release|Win32
		{9B49DBB4-471A-443A-8C3F-FE56C094E7CF}.Release|x86.Build.0 = Release|Win32
		{7790B799-9114-4BC0-AE5D-236E08734627}.Debug|x64.ActiveCfg = Debug|x64
		{7790B799-9114-4BC0-AE5D-236E08734627}.Debug|x64.Build.0 = Debug|x64
		{7790B799-9114-4BC0-AE5D-236E08734627}.Debug|x86.ActiveCfg = Debug|Win32
		{7790B799-9114-4BC0-AE5D-236E08734627}.Debug|x86.Build.0 = Debug|Win32
		{7790B799-9114-4BC0-AE5D-236E08734627}.Release|x64.ActiveCfg = Release|x64
		{7790B799-9114-4BC0-AE5D-236E08734627}.Release|x64.Build.0 = Release|x64
		{7790B799-9114-4BC0-AE5D-236E08734627}.Release|x86.ActiveCfg = Release|Win32
		{7790B799-9114-4BC0-AE5D-236E08734627}.Release|x86.Build.0 = Release|Win32
		{F05D9F7F-3CB4-4998-9CD6-4B3AA9261C71}.Debug|x64.ActiveCfg = Debug|x64
		{F05D9F7F-3CB4-4998-9CD6-4B3AA9261C71}.Debug|x64.Build.0 = Debug|x64
		{F05D9F7F-3CB4-4998-9CD6-4B3AA9261C71}.Debug|x86.ActiveCfg = Debug|Win32
		{F05D9F7F-3CB4-4998-9CD6-4B3AA9261C71}.Debug|x86.Build.0 = Debug|Win32
		{F05D9F7F-3CB4-4998-9CD6-4B3AA9261C71}.Release|x64.ActiveCfg = Release|x64
		{F05D9F7F-3CB4-4998-9CD6-4B3AA9261C71}.Release|x64.Build.0 = Release|x64
		{F05D9F7F-3CB4-4998-9CD6-4B3AA9261C71}.Release|x86.ActiveCfg = Release|Win32
		{F05D9F7F-3CB4-4998-9CD6-4B3AA9261C71}.Release|x86.Build.0 = Release|Win32
		{95800A02-C1E8-4954-AB1F-639300ED247C}.Debug|x64.ActiveCfg = Debug|x64
		{95800A02-C1E8-4954-AB1F-639300ED247C}.Debug|x64.Build.0 = Debug|x64
		{95800A02-C1E8-4954-AB1F-639300ED247C}.Debug|x86.ActiveCfg = Debug|Win32
		{95800A02-C1E8-4954-AB1F-639300ED247C}.Debug|x86.Build.0 = Debug|Win32
		{95800A02-C1E8-4954-AB1F-639300ED247C}.Release|x64.ActiveCfg = Release|x64
		{95800A02-C1E8-4954-AB1F-639300ED247C}.Release|x64.Build.0 = Release|x64
		{95800A02-C1E8-4954-AB1F-639300ED247C}.Release|x86.ActiveCfg = Release|Win32
		{95800A02-C1E8-4954-AB1F-639300ED247C}.Release|x86.Build.0 = Release|Win32
		{BAF2F2BA-70D2-41EB-9B65-35943CEF4560}.Debug|x64.ActiveCfg = Debug|x64
		{BAF2F2BA-70D2-41EB-9B65-35943CEF4560}.Debug|x64.Build.0 = Debug|x64
		{BAF2F2BA-70D2-41EB-9B65-35943CEF4560}.Debug|x86.ActiveCfg = Debug|Win32
		{BAF2F2BA-70D2-41EB-9B65-35943CEF4560}.Debug|x86.Build.0 = Debug|Win32
		{BAF2F2BA-70D2-41EB-9B65-35943CEF4560}.Release|x64.ActiveCfg = Release|x64
		{BAF2F2BA-70D2-41EB-9B65-35943CEF4560}.Release|x64.Build.0 = Release|x64
		{BAF2F2BA-70D2-41EB-9B65-35943CEF4560}.Release|x86.ActiveCfg = Release|Win32
		{BAF2F2BA-70D2-41EB-9B65-35943CEF4560}.Release|x86.Build.0 = Release|Win32
		{9F23AAAF-BDF8-4339-B764-70FFA5BAC922}.Debug|x64.ActiveCfg = Debug|x64
		{9F23AAAF-BDF8-4339-B764-70FFA5BAC922}.Debug|x64.Build.0 = Debug|x64
		{9F23AAAF-BDF8-4339-B764-70FFA5BAC922}.Debug|x86.ActiveCfg = Debug|Win32
		{9F23AAAF-BDF8-4339-B764-70FFA5BAC922}.Debug|x86.Build.0 = Debug|Win32
		{9F23AAAF-BDF8-4339-B764-70FFA5BAC922}.Release|x64.ActiveCfg = Release|x64
		{9F23AAAF-BDF8-4339-B764-70FFA5BAC922}.Release|x64.Build.0 = Release|x64
		{9F23AAAF-BDF8-4339-B764-70FFA5BAC922}.Release|x86.ActiveCfg = Release|Win32
		{9F23AAAF-BDF8-4339-B764-70FFA5BAC922}.Release|x86.Build.0 = Release|Win32
	EndGlobalSection
	GlobalSection(SolutionProperties) = preSolution
		HideSolutionNode = FALSE
	EndGlobalSection
	GlobalSection(NestedProjects) = preSolution
		{4F8ED39F-EDBA-4FEC-A0C2-627692E6241C} = {1E03C1A6-FD39-4977-A365-116EC099AFED}
		{DDBD1889-B923-48DC-8E4D-E298F2C493D7} = {01F42F3F-4F1F-4012-8D6F-EECC0DC182EB}
		{9B49DBB4-471A-443A-8C3F-FE56C094E7CF} = {01F42F3F-4F1F-4012-8D6F-EECC0DC182EB}
		{7790B799-9114-4BC0-AE5D-236E08734627} = {1EEE7AB6-D613-40EB-A76D-D19A6C276CE1}
		{F05D9F7F-3CB4-4998-9CD6-4B3AA9261C71} = {1EEE7AB6-D613-40EB-A76D-D19A6C276CE1}
		{95800A02-C1E8-4954-AB1F-639300ED247C} = {5420D51A-9AF5-41A3-BE15-8B1AF0B0BAAE}
		{BAF2F2BA-70D2-41EB-9B65-35943CEF4560} = {5420D51A-9AF5-41A3-BE15-8B1AF0B0BAAE}
		{9F23AAAF-BDF8-4339-B764-70FFA5BAC922} = {1E03C1A6-FD39-4977-A365-116EC099AFED}
	EndGlobalSection
	GlobalSection(ExtensibilityGlobals) = postSolution
		SolutionGuid = {258EFC38-BA4A-4AD3-8140-1751CDBE2CC3}
	EndGlobalSection
EndGlobal
