
Microsoft Visual Studio Solution File, Format Version 12.00
# Visual Studio Version 17
VisualStudioVersion = 17.7.34031.279
MinimumVisualStudioVersion = 10.0.40219.1
Project("{8BC9CEB8-8B4A-11D0-8D11-00A0C91BC942}") = "Runtime", "Lab3\Lab3.vcxproj", "{85FC9D13-D587-4647-87AD-C671932B3A8E}"
EndProject
Project("{8BC9CEB8-8B4A-11D0-8D11-00A0C91BC942}") = "MathDll", "Math\Math.vcxproj", "{EE370141-7540-45C6-87C4-584AB619A76A}"
EndProject
Project("{8BC9CEB8-8B4A-11D0-8D11-00A0C91BC942}") = "Loadtime", "Loadtime\Loadtime.vcxproj", "{495A687C-1C51-44DD-BE2A-1F450BF7F6EF}"
EndProject
Project("{8BC9CEB8-8B4A-11D0-8D11-00A0C91BC942}") = "ChangeString", "ChangeString\ChangeString.vcxproj", "{F95DA110-0AB1-49EB-A113-F85061A9EA2A}"
EndProject
Project("{8BC9CEB8-8B4A-11D0-8D11-00A0C91BC942}") = "Starter", "Starter\Starter.vcxproj", "{29882FEC-DD4D-42FD-A478-89553E7F0D85}"
EndProject
Project("{8BC9CEB8-8B4A-11D0-8D11-00A0C91BC942}") = "MathLib", "MathLib\MathLib.vcxproj", "{11E92BC6-F45B-4287-8F19-A74D2A58810E}"
EndProject
Project("{8BC9CEB8-8B4A-11D0-8D11-00A0C91BC942}") = "Inject", "Inject\Inject.vcxproj", "{00BFD1D8-3656-4C43-8BE3-EFD4A753A307}"
EndProject
Project("{8BC9CEB8-8B4A-11D0-8D11-00A0C91BC942}") = "InjectDll", "InjectDll\InjectDll.vcxproj", "{1FDF2230-FD2F-43F2-BE51-2A67B13935B4}"
EndProject
Project("{2150E333-8FDC-42A3-9474-1A3956D46DE8}") = "1", "1", "{1B9B1315-5BBD-4F1E-A42B-EAAD0432B92A}"
EndProject
Project("{2150E333-8FDC-42A3-9474-1A3956D46DE8}") = "2", "2", "{24E6D27B-9C44-45C6-85FE-5FB9040160F6}"
EndProject
Project("{2150E333-8FDC-42A3-9474-1A3956D46DE8}") = "3", "3", "{1E092555-FAB4-4BF2-A2E4-88D1696E7D0C}"
EndProject
Project("{2150E333-8FDC-42A3-9474-1A3956D46DE8}") = "4", "4", "{7B4EE3CB-B96F-4A4A-BBED-6F37FAD71B40}"
EndProject
Global
	GlobalSection(SolutionConfigurationPlatforms) = preSolution
		Debug|x64 = Debug|x64
		Debug|x86 = Debug|x86
		Release|x64 = Release|x64
		Release|x86 = Release|x86
	EndGlobalSection
	GlobalSection(ProjectConfigurationPlatforms) = postSolution
		{85FC9D13-D587-4647-87AD-C671932B3A8E}.Debug|x64.ActiveCfg = Debug|x64
		{85FC9D13-D587-4647-87AD-C671932B3A8E}.Debug|x64.Build.0 = Debug|x64
		{85FC9D13-D587-4647-87AD-C671932B3A8E}.Debug|x86.ActiveCfg = Debug|Win32
		{85FC9D13-D587-4647-87AD-C671932B3A8E}.Debug|x86.Build.0 = Debug|Win32
		{85FC9D13-D587-4647-87AD-C671932B3A8E}.Release|x64.ActiveCfg = Release|x64
		{85FC9D13-D587-4647-87AD-C671932B3A8E}.Release|x64.Build.0 = Release|x64
		{85FC9D13-D587-4647-87AD-C671932B3A8E}.Release|x86.ActiveCfg = Release|Win32
		{85FC9D13-D587-4647-87AD-C671932B3A8E}.Release|x86.Build.0 = Release|Win32
		{EE370141-7540-45C6-87C4-584AB619A76A}.Debug|x64.ActiveCfg = Debug|x64
		{EE370141-7540-45C6-87C4-584AB619A76A}.Debug|x64.Build.0 = Debug|x64
		{EE370141-7540-45C6-87C4-584AB619A76A}.Debug|x86.ActiveCfg = Debug|Win32
		{EE370141-7540-45C6-87C4-584AB619A76A}.Debug|x86.Build.0 = Debug|Win32
		{EE370141-7540-45C6-87C4-584AB619A76A}.Release|x64.ActiveCfg = Release|x64
		{EE370141-7540-45C6-87C4-584AB619A76A}.Release|x64.Build.0 = Release|x64
		{EE370141-7540-45C6-87C4-584AB619A76A}.Release|x86.ActiveCfg = Release|Win32
		{EE370141-7540-45C6-87C4-584AB619A76A}.Release|x86.Build.0 = Release|Win32
		{495A687C-1C51-44DD-BE2A-1F450BF7F6EF}.Debug|x64.ActiveCfg = Debug|x64
		{495A687C-1C51-44DD-BE2A-1F450BF7F6EF}.Debug|x64.Build.0 = Debug|x64
		{495A687C-1C51-44DD-BE2A-1F450BF7F6EF}.Debug|x86.ActiveCfg = Debug|Win32
		{495A687C-1C51-44DD-BE2A-1F450BF7F6EF}.Debug|x86.Build.0 = Debug|Win32
		{495A687C-1C51-44DD-BE2A-1F450BF7F6EF}.Release|x64.ActiveCfg = Release|x64
		{495A687C-1C51-44DD-BE2A-1F450BF7F6EF}.Release|x64.Build.0 = Release|x64
		{495A687C-1C51-44DD-BE2A-1F450BF7F6EF}.Release|x86.ActiveCfg = Release|Win32
		{495A687C-1C51-44DD-BE2A-1F450BF7F6EF}.Release|x86.Build.0 = Release|Win32
		{F95DA110-0AB1-49EB-A113-F85061A9EA2A}.Debug|x64.ActiveCfg = Debug|x64
		{F95DA110-0AB1-49EB-A113-F85061A9EA2A}.Debug|x64.Build.0 = Debug|x64
		{F95DA110-0AB1-49EB-A113-F85061A9EA2A}.Debug|x86.ActiveCfg = Debug|Win32
		{F95DA110-0AB1-49EB-A113-F85061A9EA2A}.Debug|x86.Build.0 = Debug|Win32
		{F95DA110-0AB1-49EB-A113-F85061A9EA2A}.Release|x64.ActiveCfg = Release|x64
		{F95DA110-0AB1-49EB-A113-F85061A9EA2A}.Release|x64.Build.0 = Release|x64
		{F95DA110-0AB1-49EB-A113-F85061A9EA2A}.Release|x86.ActiveCfg = Release|Win32
		{F95DA110-0AB1-49EB-A113-F85061A9EA2A}.Release|x86.Build.0 = Release|Win32
		{29882FEC-DD4D-42FD-A478-89553E7F0D85}.Debug|x64.ActiveCfg = Debug|x64
		{29882FEC-DD4D-42FD-A478-89553E7F0D85}.Debug|x64.Build.0 = Debug|x64
		{29882FEC-DD4D-42FD-A478-89553E7F0D85}.Debug|x86.ActiveCfg = Debug|Win32
		{29882FEC-DD4D-42FD-A478-89553E7F0D85}.Debug|x86.Build.0 = Debug|Win32
		{29882FEC-DD4D-42FD-A478-89553E7F0D85}.Release|x64.ActiveCfg = Release|x64
		{29882FEC-DD4D-42FD-A478-89553E7F0D85}.Release|x64.Build.0 = Release|x64
		{29882FEC-DD4D-42FD-A478-89553E7F0D85}.Release|x86.ActiveCfg = Release|Win32
		{29882FEC-DD4D-42FD-A478-89553E7F0D85}.Release|x86.Build.0 = Release|Win32
		{11E92BC6-F45B-4287-8F19-A74D2A58810E}.Debug|x64.ActiveCfg = Debug|x64
		{11E92BC6-F45B-4287-8F19-A74D2A58810E}.Debug|x64.Build.0 = Debug|x64
		{11E92BC6-F45B-4287-8F19-A74D2A58810E}.Debug|x86.ActiveCfg = Debug|Win32
		{11E92BC6-F45B-4287-8F19-A74D2A58810E}.Debug|x86.Build.0 = Debug|Win32
		{11E92BC6-F45B-4287-8F19-A74D2A58810E}.Release|x64.ActiveCfg = Release|x64
		{11E92BC6-F45B-4287-8F19-A74D2A58810E}.Release|x64.Build.0 = Release|x64
		{11E92BC6-F45B-4287-8F19-A74D2A58810E}.Release|x86.ActiveCfg = Release|Win32
		{11E92BC6-F45B-4287-8F19-A74D2A58810E}.Release|x86.Build.0 = Release|Win32
		{00BFD1D8-3656-4C43-8BE3-EFD4A753A307}.Debug|x64.ActiveCfg = Debug|x64
		{00BFD1D8-3656-4C43-8BE3-EFD4A753A307}.Debug|x64.Build.0 = Debug|x64
		{00BFD1D8-3656-4C43-8BE3-EFD4A753A307}.Debug|x86.ActiveCfg = Debug|Win32
		{00BFD1D8-3656-4C43-8BE3-EFD4A753A307}.Debug|x86.Build.0 = Debug|Win32
		{00BFD1D8-3656-4C43-8BE3-EFD4A753A307}.Release|x64.ActiveCfg = Release|x64
		{00BFD1D8-3656-4C43-8BE3-EFD4A753A307}.Release|x64.Build.0 = Release|x64
		{00BFD1D8-3656-4C43-8BE3-EFD4A753A307}.Release|x86.ActiveCfg = Release|Win32
		{00BFD1D8-3656-4C43-8BE3-EFD4A753A307}.Release|x86.Build.0 = Release|Win32
		{1FDF2230-FD2F-43F2-BE51-2A67B13935B4}.Debug|x64.ActiveCfg = Debug|x64
		{1FDF2230-FD2F-43F2-BE51-2A67B13935B4}.Debug|x64.Build.0 = Debug|x64
		{1FDF2230-FD2F-43F2-BE51-2A67B13935B4}.Debug|x86.ActiveCfg = Debug|Win32
		{1FDF2230-FD2F-43F2-BE51-2A67B13935B4}.Debug|x86.Build.0 = Debug|Win32
		{1FDF2230-FD2F-43F2-BE51-2A67B13935B4}.Release|x64.ActiveCfg = Release|x64
		{1FDF2230-FD2F-43F2-BE51-2A67B13935B4}.Release|x64.Build.0 = Release|x64
		{1FDF2230-FD2F-43F2-BE51-2A67B13935B4}.Release|x86.ActiveCfg = Release|Win32
		{1FDF2230-FD2F-43F2-BE51-2A67B13935B4}.Release|x86.Build.0 = Release|Win32
	EndGlobalSection
	GlobalSection(SolutionProperties) = preSolution
		HideSolutionNode = FALSE
	EndGlobalSection
	GlobalSection(NestedProjects) = preSolution
		{85FC9D13-D587-4647-87AD-C671932B3A8E} = {1B9B1315-5BBD-4F1E-A42B-EAAD0432B92A}
		{EE370141-7540-45C6-87C4-584AB619A76A} = {1B9B1315-5BBD-4F1E-A42B-EAAD0432B92A}
		{495A687C-1C51-44DD-BE2A-1F450BF7F6EF} = {24E6D27B-9C44-45C6-85FE-5FB9040160F6}
		{F95DA110-0AB1-49EB-A113-F85061A9EA2A} = {1E092555-FAB4-4BF2-A2E4-88D1696E7D0C}
		{29882FEC-DD4D-42FD-A478-89553E7F0D85} = {1E092555-FAB4-4BF2-A2E4-88D1696E7D0C}
		{11E92BC6-F45B-4287-8F19-A74D2A58810E} = {24E6D27B-9C44-45C6-85FE-5FB9040160F6}
		{00BFD1D8-3656-4C43-8BE3-EFD4A753A307} = {7B4EE3CB-B96F-4A4A-BBED-6F37FAD71B40}
		{1FDF2230-FD2F-43F2-BE51-2A67B13935B4} = {7B4EE3CB-B96F-4A4A-BBED-6F37FAD71B40}
	EndGlobalSection
	GlobalSection(ExtensibilityGlobals) = postSolution
		SolutionGuid = {34586609-FE97-4A17-B9A5-5F462B4202AD}
	EndGlobalSection
EndGlobal
